// !$*UTF8*$!
{
	archiveVersion = 1;
	classes = {
	};
	objectVersion = 77;
	objects = {

/* Begin PBXBuildFile section */
		10C8D2ED9767B4D3DAAF6071 /* Pods_ClientToolsDemo.framework in Frameworks */ = {isa = PBXBuildFile; fileRef = 3025137E9C943E236991F53C /* Pods_ClientToolsDemo.framework */; };
		245EC5AA5560E43D6FC61CE8 /* UserInfoViewController.swift in Sources */ = {isa = PBXBuildFile; fileRef = 86ABA632F6306C52363FFEEC /* UserInfoViewController.swift */; };
		317DD560FBE13FE5C05D9D0E /* LoginModels.swift in Sources */ = {isa = PBXBuildFile; fileRef = 871AB6D4FE1A7B20BA51EE2B /* LoginModels.swift */; };
		51E0A869758C7DBFBFD320AF /* AuthService.swift in Sources */ = {isa = PBXBuildFile; fileRef = 538DFF74149A976DBC44F27C /* AuthService.swift */; };
		70688FD64EFA4BA7623F6CEF /* WebViewRedirectViewController.swift in Sources */ = {isa = PBXBuildFile; fileRef = CF71E2DA05BADFDF0B0DE8F9 /* WebViewRedirectViewController.swift */; };
		AA11223344556677AABBCCDD /* AgentTestViewController.swift in Sources */ = {isa = PBXBuildFile; fileRef = AA11223344556677EEDDCCBB /* AgentTestViewController.swift */; };
		70EB5498C23D0B2FD585EAF8 /* VerifyCodeViewController.swift in Sources */ = {isa = PBXBuildFile; fileRef = A88782AAAF79787337979263 /* VerifyCodeViewController.swift */; };
		7A61C509609457000242A78A /* Extensions.swift in Sources */ = {isa = PBXBuildFile; fileRef = 8240C34ABC3603201A8C8C94 /* Extensions.swift */; };
		AFE41E6F08D6CF2CACB1823A /* LoginViewModel.swift in Sources */ = {isa = PBXBuildFile; fileRef = B603AFFA6F16D6F9D6E2F79E /* LoginViewModel.swift */; };
		C5570D91701A587B087F6610 /* AppDelegate.swift in Sources */ = {isa = PBXBuildFile; fileRef = 899C38BEE4BE5CD8CB8FAFB2 /* AppDelegate.swift */; };
		C571E248B25EAF0CBF6B9FFB /* LoginViewController.swift in Sources */ = {isa = PBXBuildFile; fileRef = B29F393B8DA709CBC9B18465 /* LoginViewController.swift */; };
		CF17943923565FC5B2BE7C25 /* HomeViewController.swift in Sources */ = {isa = PBXBuildFile; fileRef = 84CDD17E537814A44C918EAB /* HomeViewController.swift */; };
		DD8855C33E14AB5003172E09 /* HomeCell.swift in Sources */ = {isa = PBXBuildFile; fileRef = 2F31340835832AE35970CAD7 /* HomeCell.swift */; };
		E0C5BBF8C9944AF2500B8D68 /* SceneDelegate.swift in Sources */ = {isa = PBXBuildFile; fileRef = AC098864F02B03C73A7A338D /* SceneDelegate.swift */; };
/* End PBXBuildFile section */

/* Begin PBXFileReference section */
		2F31340835832AE35970CAD7 /* HomeCell.swift */ = {isa = PBXFileReference; lastKnownFileType = sourcecode.swift; path = HomeCell.swift; sourceTree = "<group>"; };
		3025137E9C943E236991F53C /* Pods_ClientToolsDemo.framework */ = {isa = PBXFileReference; explicitFileType = wrapper.framework; includeInIndex = 0; path = Pods_ClientToolsDemo.framework; sourceTree = BUILT_PRODUCTS_DIR; };
		432D1BFB6CD9D87DB83485E4 /* Info.plist */ = {isa = PBXFileReference; lastKnownFileType = text.plist; path = Info.plist; sourceTree = "<group>"; };
		4F8F789D660A4A76FBF958CF /* Pods-ClientToolsDemo.debug.xcconfig */ = {isa = PBXFileReference; includeInIndex = 1; lastKnownFileType = text.xcconfig; name = "Pods-ClientToolsDemo.debug.xcconfig"; path = "Target Support Files/Pods-ClientToolsDemo/Pods-ClientToolsDemo.debug.xcconfig"; sourceTree = "<group>"; };
		538DFF74149A976DBC44F27C /* AuthService.swift */ = {isa = PBXFileReference; lastKnownFileType = sourcecode.swift; path = AuthService.swift; sourceTree = "<group>"; };
		65BC74421FC957302B22A754 /* ClientToolsDemo.app */ = {isa = PBXFileReference; includeInIndex = 0; lastKnownFileType = wrapper.application; path = ClientToolsDemo.app; sourceTree = BUILT_PRODUCTS_DIR; };
		8240C34ABC3603201A8C8C94 /* Extensions.swift */ = {isa = PBXFileReference; lastKnownFileType = sourcecode.swift; path = Extensions.swift; sourceTree = "<group>"; };
		84CDD17E537814A44C918EAB /* HomeViewController.swift */ = {isa = PBXFileReference; lastKnownFileType = sourcecode.swift; path = HomeViewController.swift; sourceTree = "<group>"; };
		86ABA632F6306C52363FFEEC /* UserInfoViewController.swift */ = {isa = PBXFileReference; lastKnownFileType = sourcecode.swift; path = UserInfoViewController.swift; sourceTree = "<group>"; };
		871AB6D4FE1A7B20BA51EE2B /* LoginModels.swift */ = {isa = PBXFileReference; lastKnownFileType = sourcecode.swift; path = LoginModels.swift; sourceTree = "<group>"; };
		899C38BEE4BE5CD8CB8FAFB2 /* AppDelegate.swift */ = {isa = PBXFileReference; lastKnownFileType = sourcecode.swift; path = AppDelegate.swift; sourceTree = "<group>"; };
		A88782AAAF79787337979263 /* VerifyCodeViewController.swift */ = {isa = PBXFileReference; lastKnownFileType = sourcecode.swift; path = VerifyCodeViewController.swift; sourceTree = "<group>"; };
		AC098864F02B03C73A7A338D /* SceneDelegate.swift */ = {isa = PBXFileReference; lastKnownFileType = sourcecode.swift; path = SceneDelegate.swift; sourceTree = "<group>"; };
		B29F393B8DA709CBC9B18465 /* LoginViewController.swift */ = {isa = PBXFileReference; lastKnownFileType = sourcecode.swift; path = LoginViewController.swift; sourceTree = "<group>"; };
		B603AFFA6F16D6F9D6E2F79E /* LoginViewModel.swift */ = {isa = PBXFileReference; lastKnownFileType = sourcecode.swift; path = LoginViewModel.swift; sourceTree = "<group>"; };
		AA11223344556677EEDDCCBB /* AgentTestViewController.swift */ = {isa = PBXFileReference; lastKnownFileType = sourcecode.swift; path = AgentTestViewController.swift; sourceTree = "<group>"; };
		CF71E2DA05BADFDF0B0DE8F9 /* WebViewRedirectViewController.swift */ = {isa = PBXFileReference; lastKnownFileType = sourcecode.swift; path = WebViewRedirectViewController.swift; sourceTree = "<group>"; };
		F31BE9AE6CA18E94CFEACF63 /* Pods-ClientToolsDemo.release.xcconfig */ = {isa = PBXFileReference; includeInIndex = 1; lastKnownFileType = text.xcconfig; name = "Pods-ClientToolsDemo.release.xcconfig"; path = "Target Support Files/Pods-ClientToolsDemo/Pods-ClientToolsDemo.release.xcconfig"; sourceTree = "<group>"; };
/* End PBXFileReference section */

/* Begin PBXFrameworksBuildPhase section */
		5EB8F0B8E50D16E23D50BEDB /* Frameworks */ = {
			isa = PBXFrameworksBuildPhase;
			buildActionMask = 2147483647;
			files = (
				10C8D2ED9767B4D3DAAF6071 /* Pods_ClientToolsDemo.framework in Frameworks */,
			);
			runOnlyForDeploymentPostprocessing = 0;
		};
/* End PBXFrameworksBuildPhase section */

/* Begin PBXGroup section */
		29D90118300BB6B513E255A9 /* ClientToolsDemo */ = {
			isa = PBXGroup;
			children = (
				899C38BEE4BE5CD8CB8FAFB2 /* AppDelegate.swift */,
				8240C34ABC3603201A8C8C94 /* Extensions.swift */,
				AC098864F02B03C73A7A338D /* SceneDelegate.swift */,
				80F3066EF76EAED0E28E2177 /* Home */,
				2A706B48E4943ED186E2C0AA /* Login */,
				379D9EDF4BB04209302E4FC3 /* Network */,
				BCF406D912A6D8999AFD6585 /* UserInfo */,
				D70ABBB669C24EA9FDDBD385 /* VerifyCode */,
				2EBCF9124FFD33E38196993E /* WebViewRedirect */,
			AA11223344556677FFEE1122 /* AgentTest */,
			);
			path = ClientToolsDemo;
			sourceTree = "<group>";
		};
		2A706B48E4943ED186E2C0AA /* Login */ = {
			isa = PBXGroup;
			children = (
				871AB6D4FE1A7B20BA51EE2B /* LoginModels.swift */,
				B29F393B8DA709CBC9B18465 /* LoginViewController.swift */,
				B603AFFA6F16D6F9D6E2F79E /* LoginViewModel.swift */,
			);
			path = Login;
			sourceTree = "<group>";
		};
		2EBCF9124FFD33E38196993E /* WebViewRedirect */ = {
			isa = PBXGroup;
			children = (
				CF71E2DA05BADFDF0B0DE8F9 /* WebViewRedirectViewController.swift */,
			);
			path = WebViewRedirect;
			sourceTree = "<group>";
		};
		AA11223344556677FFEE1122 /* AgentTest */ = {
			isa = PBXGroup;
			children = (
				AA11223344556677EEDDCCBB /* AgentTestViewController.swift */,
			);
			path = AgentTest;
			sourceTree = "<group>";
		};
		353FB86E6DA88C3809EAE7CD /* Pods */ = {
			isa = PBXGroup;
			children = (
				4F8F789D660A4A76FBF958CF /* Pods-ClientToolsDemo.debug.xcconfig */,
				F31BE9AE6CA18E94CFEACF63 /* Pods-ClientToolsDemo.release.xcconfig */,
			);
			name = Pods;
			path = Pods;
			sourceTree = "<group>";
		};
		379D9EDF4BB04209302E4FC3 /* Network */ = {
			isa = PBXGroup;
			children = (
				538DFF74149A976DBC44F27C /* AuthService.swift */,
			);
			path = Network;
			sourceTree = "<group>";
		};
		3F79F8178584E2CB5C05D26D /* Sources */ = {
			isa = PBXGroup;
			children = (
				432D1BFB6CD9D87DB83485E4 /* Info.plist */,
				29D90118300BB6B513E255A9 /* ClientToolsDemo */,
			);
			path = Sources;
			sourceTree = "<group>";
		};
		51B38139CB526412251127FA = {
			isa = PBXGroup;
			children = (
				3F79F8178584E2CB5C05D26D /* Sources */,
				67CD6409673FA45DDD9584E9 /* Products */,
				353FB86E6DA88C3809EAE7CD /* Pods */,
				88C9EEB4FE337FDBF042CD0C /* Frameworks */,
			);
			sourceTree = "<group>";
		};
		67CD6409673FA45DDD9584E9 /* Products */ = {
			isa = PBXGroup;
			children = (
				65BC74421FC957302B22A754 /* ClientToolsDemo.app */,
			);
			name = Products;
			sourceTree = "<group>";
		};
		80F3066EF76EAED0E28E2177 /* Home */ = {
			isa = PBXGroup;
			children = (
				2F31340835832AE35970CAD7 /* HomeCell.swift */,
				84CDD17E537814A44C918EAB /* HomeViewController.swift */,
			);
			path = Home;
			sourceTree = "<group>";
		};
		88C9EEB4FE337FDBF042CD0C /* Frameworks */ = {
			isa = PBXGroup;
			children = (
				3025137E9C943E236991F53C /* Pods_ClientToolsDemo.framework */,
			);
			name = Frameworks;
			sourceTree = "<group>";
		};
		BCF406D912A6D8999AFD6585 /* UserInfo */ = {
			isa = PBXGroup;
			children = (
				86ABA632F6306C52363FFEEC /* UserInfoViewController.swift */,
			);
			path = UserInfo;
			sourceTree = "<group>";
		};
		D70ABBB669C24EA9FDDBD385 /* VerifyCode */ = {
			isa = PBXGroup;
			children = (
				A88782AAAF79787337979263 /* VerifyCodeViewController.swift */,
			);
			path = VerifyCode;
			sourceTree = "<group>";
		};
/* End PBXGroup section */

/* Begin PBXNativeTarget section */
		2BB4FDBB089FD1FFA888958B /* ClientToolsDemo */ = {
			isa = PBXNativeTarget;
			buildConfigurationList = 19658D4AC16EBACDE34166C4 /* Build configuration list for PBXNativeTarget "ClientToolsDemo" */;
			buildPhases = (
				761FA78F0BF2370A3FF213E8 /* [CP] Check Pods Manifest.lock */,
				D71349FEF95F7D7F4481808B /* Sources */,
				5EB8F0B8E50D16E23D50BEDB /* Frameworks */,
				54C9B90915DD62BD4188699B /* [CP] Embed Pods Frameworks */,
			);
			buildRules = (
			);
			dependencies = (
			);
			name = ClientToolsDemo;
			productName = ClientToolsDemo;
			productReference = 65BC74421FC957302B22A754 /* ClientToolsDemo.app */;
			productType = "com.apple.product-type.application";
		};
/* End PBXNativeTarget section */

/* Begin PBXProject section */
		1E8094B08A0C0CD9C9ABC27C /* Project object */ = {
			isa = PBXProject;
			attributes = {
				BuildIndependentTargetsInParallel = YES;
				LastUpgradeCheck = 1430;
				TargetAttributes = {
					2BB4FDBB089FD1FFA888958B = {
						DevelopmentTeam = "";
					};
				};
			};
			buildConfigurationList = 420E1D6E94A58AB4E03F61D4 /* Build configuration list for PBXProject "ClientToolsDemo" */;
			developmentRegion = en;
			hasScannedForEncodings = 0;
			knownRegions = (
				Base,
				en,
			);
			mainGroup = 51B38139CB526412251127FA;
			minimizedProjectReferenceProxies = 1;
			preferredProjectObjectVersion = 77;
			productRefGroup = 67CD6409673FA45DDD9584E9 /* Products */;
			projectDirPath = "";
			projectRoot = "";
			targets = (
				2BB4FDBB089FD1FFA888958B /* ClientToolsDemo */,
			);
		};
/* End PBXProject section */

/* Begin PBXShellScriptBuildPhase section */
		54C9B90915DD62BD4188699B /* [CP] Embed Pods Frameworks */ = {
			isa = PBXShellScriptBuildPhase;
			buildActionMask = 2147483647;
			files = (
			);
			inputFileListPaths = (
				"${PODS_ROOT}/Target Support Files/Pods-ClientToolsDemo/Pods-ClientToolsDemo-frameworks-${CONFIGURATION}-input-files.xcfilelist",
			);
			name = "[CP] Embed Pods Frameworks";
			outputFileListPaths = (
				"${PODS_ROOT}/Target Support Files/Pods-ClientToolsDemo/Pods-ClientToolsDemo-frameworks-${CONFIGURATION}-output-files.xcfilelist",
			);
			runOnlyForDeploymentPostprocessing = 0;
			shellPath = /bin/sh;
			shellScript = "\"${PODS_ROOT}/Target Support Files/Pods-ClientToolsDemo/Pods-ClientToolsDemo-frameworks.sh\"\n";
			showEnvVarsInLog = 0;
		};
		761FA78F0BF2370A3FF213E8 /* [CP] Check Pods Manifest.lock */ = {
			isa = PBXShellScriptBuildPhase;
			buildActionMask = 2147483647;
			files = (
			);
			inputFileListPaths = (
			);
			inputPaths = (
				"${PODS_PODFILE_DIR_PATH}/Podfile.lock",
				"${PODS_ROOT}/Manifest.lock",
			);
			name = "[CP] Check Pods Manifest.lock";
			outputFileListPaths = (
			);
			outputPaths = (
				"$(DERIVED_FILE_DIR)/Pods-ClientToolsDemo-checkManifestLockResult.txt",
			);
			runOnlyForDeploymentPostprocessing = 0;
			shellPath = /bin/sh;
			shellScript = "diff \"${PODS_PODFILE_DIR_PATH}/Podfile.lock\" \"${PODS_ROOT}/Manifest.lock\" > /dev/null\nif [ $? != 0 ] ; then\n    # print error to STDERR\n    echo \"error: The sandbox is not in sync with the Podfile.lock. Run 'pod install' or update your CocoaPods installation.\" >&2\n    exit 1\nfi\n# This output is used by Xcode 'outputs' to avoid re-running this script phase.\necho \"SUCCESS\" > \"${SCRIPT_OUTPUT_FILE_0}\"\n";
			showEnvVarsInLog = 0;
		};
/* End PBXShellScriptBuildPhase section */

/* Begin PBXSourcesBuildPhase section */
		D71349FEF95F7D7F4481808B /* Sources */ = {
			isa = PBXSourcesBuildPhase;
			buildActionMask = 2147483647;
			files = (
				C5570D91701A587B087F6610 /* AppDelegate.swift in Sources */,
				51E0A869758C7DBFBFD320AF /* AuthService.swift in Sources */,
				7A61C509609457000242A78A /* Extensions.swift in Sources */,
				DD8855C33E14AB5003172E09 /* HomeCell.swift in Sources */,
				CF17943923565FC5B2BE7C25 /* HomeViewController.swift in Sources */,
				317DD560FBE13FE5C05D9D0E /* LoginModels.swift in Sources */,
				C571E248B25EAF0CBF6B9FFB /* LoginViewController.swift in Sources */,
				AFE41E6F08D6CF2CACB1823A /* LoginViewModel.swift in Sources */,
				E0C5BBF8C9944AF2500B8D68 /* SceneDelegate.swift in Sources */,
				245EC5AA5560E43D6FC61CE8 /* UserInfoViewController.swift in Sources */,
				70EB5498C23D0B2FD585EAF8 /* VerifyCodeViewController.swift in Sources */,
				70688FD64EFA4BA7623F6CEF /* WebViewRedirectViewController.swift in Sources */,
				AA11223344556677AABBCCDD /* AgentTestViewController.swift in Sources */,
			);
			runOnlyForDeploymentPostprocessing = 0;
		};
/* End PBXSourcesBuildPhase section */

/* Begin XCBuildConfiguration section */
		7F54266BB76C66C27DB03710 /* Release */ = {
			isa = XCBuildConfiguration;
			baseConfigurationReference = F31BE9AE6CA18E94CFEACF63 /* Pods-ClientToolsDemo.release.xcconfig */;
			buildSettings = {
				ASSETCATALOG_COMPILER_APPICON_NAME = AppIcon;
				CODE_SIGNING_ALLOWED = NO;
				CODE_SIGNING_REQUIRED = NO;
				CODE_SIGN_IDENTITY = "";
				DEVELOPMENT_TEAM = "";
				INFOPLIST_FILE = Sources/Info.plist;
				LD_RUNPATH_SEARCH_PATHS = (
					"$(inherited)",
					"@executable_path/Frameworks",
				);
				PRODUCT_BUNDLE_IDENTIFIER = com.clienttools.demo;
				SDKROOT = iphoneos;
				SWIFT_VERSION = 5.0;
				TARGETED_DEVICE_FAMILY = "1,2";
			};
			name = Release;
		};
		9DD757B60957689115E706F0 /* Debug */ = {
			isa = XCBuildConfiguration;
			baseConfigurationReference = 4F8F789D660A4A76FBF958CF /* Pods-ClientToolsDemo.debug.xcconfig */;
			buildSettings = {
				ASSETCATALOG_COMPILER_APPICON_NAME = AppIcon;
				CODE_SIGNING_ALLOWED = NO;
				CODE_SIGNING_REQUIRED = NO;
				CODE_SIGN_IDENTITY = "";
				DEVELOPMENT_TEAM = "";
				INFOPLIST_FILE = Sources/Info.plist;
				LD_RUNPATH_SEARCH_PATHS = (
					"$(inherited)",
					"@executable_path/Frameworks",
				);
				PRODUCT_BUNDLE_IDENTIFIER = com.clienttools.demo;
				SDKROOT = iphoneos;
				SWIFT_VERSION = 5.0;
				TARGETED_DEVICE_FAMILY = "1,2";
			};
			name = Debug;
		};
		C80CDAF85BF99FB4D29F499D /* Release */ = {
			isa = XCBuildConfiguration;
			buildSettings = {
				ALWAYS_SEARCH_USER_PATHS = NO;
				CLANG_ANALYZER_NONNULL = YES;
				CLANG_ANALYZER_NUMBER_OBJECT_CONVERSION = YES_AGGRESSIVE;
				CLANG_CXX_LANGUAGE_STANDARD = "gnu++14";
				CLANG_CXX_LIBRARY = "libc++";
				CLANG_ENABLE_MODULES = YES;
				CLANG_ENABLE_OBJC_ARC = YES;
				CLANG_ENABLE_OBJC_WEAK = YES;
				CLANG_WARN_BLOCK_CAPTURE_AUTORELEASING = YES;
				CLANG_WARN_BOOL_CONVERSION = YES;
				CLANG_WARN_COMMA = YES;
				CLANG_WARN_CONSTANT_CONVERSION = YES;
				CLANG_WARN_DEPRECATED_OBJC_IMPLEMENTATIONS = YES;
				CLANG_WARN_DIRECT_OBJC_ISA_USAGE = YES_ERROR;
				CLANG_WARN_DOCUMENTATION_COMMENTS = YES;
				CLANG_WARN_EMPTY_BODY = YES;
				CLANG_WARN_ENUM_CONVERSION = YES;
				CLANG_WARN_INFINITE_RECURSION = YES;
				CLANG_WARN_INT_CONVERSION = YES;
				CLANG_WARN_NON_LITERAL_NULL_CONVERSION = YES;
				CLANG_WARN_OBJC_IMPLICIT_RETAIN_SELF = YES;
				CLANG_WARN_OBJC_LITERAL_CONVERSION = YES;
				CLANG_WARN_OBJC_ROOT_CLASS = YES_ERROR;
				CLANG_WARN_QUOTED_INCLUDE_IN_FRAMEWORK_HEADER = YES;
				CLANG_WARN_RANGE_LOOP_ANALYSIS = YES;
				CLANG_WARN_STRICT_PROTOTYPES = YES;
				CLANG_WARN_SUSPICIOUS_MOVE = YES;
				CLANG_WARN_UNGUARDED_AVAILABILITY = YES_AGGRESSIVE;
				CLANG_WARN_UNREACHABLE_CODE = YES;
				CLANG_WARN__DUPLICATE_METHOD_MATCH = YES;
				COPY_PHASE_STRIP = NO;
				DEBUG_INFORMATION_FORMAT = "dwarf-with-dsym";
				ENABLE_NS_ASSERTIONS = NO;
				ENABLE_STRICT_OBJC_MSGSEND = YES;
				GCC_C_LANGUAGE_STANDARD = gnu11;
				GCC_NO_COMMON_BLOCKS = YES;
				GCC_WARN_64_TO_32_BIT_CONVERSION = YES;
				GCC_WARN_ABOUT_RETURN_TYPE = YES_ERROR;
				GCC_WARN_UNDECLARED_SELECTOR = YES;
				GCC_WARN_UNINITIALIZED_AUTOS = YES_AGGRESSIVE;
				GCC_WARN_UNUSED_FUNCTION = YES;
				GCC_WARN_UNUSED_VARIABLE = YES;
				IPHONEOS_DEPLOYMENT_TARGET = 14.0;
				MTL_ENABLE_DEBUG_INFO = NO;
				MTL_FAST_MATH = YES;
				PRODUCT_NAME = "$(TARGET_NAME)";
				SDKROOT = iphoneos;
				SWIFT_COMPILATION_MODE = wholemodule;
				SWIFT_OPTIMIZATION_LEVEL = "-O";
				SWIFT_VERSION = 5.0;
			};
			name = Release;
		};
		EC6684B0792AF666592A241B /* Debug */ = {
			isa = XCBuildConfiguration;
			buildSettings = {
				ALWAYS_SEARCH_USER_PATHS = NO;
				CLANG_ANALYZER_NONNULL = YES;
				CLANG_ANALYZER_NUMBER_OBJECT_CONVERSION = YES_AGGRESSIVE;
				CLANG_CXX_LANGUAGE_STANDARD = "gnu++14";
				CLANG_CXX_LIBRARY = "libc++";
				CLANG_ENABLE_MODULES = YES;
				CLANG_ENABLE_OBJC_ARC = YES;
				CLANG_ENABLE_OBJC_WEAK = YES;
				CLANG_WARN_BLOCK_CAPTURE_AUTORELEASING = YES;
				CLANG_WARN_BOOL_CONVERSION = YES;
				CLANG_WARN_COMMA = YES;
				CLANG_WARN_CONSTANT_CONVERSION = YES;
				CLANG_WARN_DEPRECATED_OBJC_IMPLEMENTATIONS = YES;
				CLANG_WARN_DIRECT_OBJC_ISA_USAGE = YES_ERROR;
				CLANG_WARN_DOCUMENTATION_COMMENTS = YES;
				CLANG_WARN_EMPTY_BODY = YES;
				CLANG_WARN_ENUM_CONVERSION = YES;
				CLANG_WARN_INFINITE_RECURSION = YES;
				CLANG_WARN_INT_CONVERSION = YES;
				CLANG_WARN_NON_LITERAL_NULL_CONVERSION = YES;
				CLANG_WARN_OBJC_IMPLICIT_RETAIN_SELF = YES;
				CLANG_WARN_OBJC_LITERAL_CONVERSION = YES;
				CLANG_WARN_OBJC_ROOT_CLASS = YES_ERROR;
				CLANG_WARN_QUOTED_INCLUDE_IN_FRAMEWORK_HEADER = YES;
				CLANG_WARN_RANGE_LOOP_ANALYSIS = YES;
				CLANG_WARN_STRICT_PROTOTYPES = YES;
				CLANG_WARN_SUSPICIOUS_MOVE = YES;
				CLANG_WARN_UNGUARDED_AVAILABILITY = YES_AGGRESSIVE;
				CLANG_WARN_UNREACHABLE_CODE = YES;
				CLANG_WARN__DUPLICATE_METHOD_MATCH = YES;
				COPY_PHASE_STRIP = NO;
				DEBUG_INFORMATION_FORMAT = dwarf;
				ENABLE_STRICT_OBJC_MSGSEND = YES;
				ENABLE_TESTABILITY = YES;
				GCC_C_LANGUAGE_STANDARD = gnu11;
				GCC_DYNAMIC_NO_PIC = NO;
				GCC_NO_COMMON_BLOCKS = YES;
				GCC_OPTIMIZATION_LEVEL = 0;
				GCC_PREPROCESSOR_DEFINITIONS = (
					"$(inherited)",
					"DEBUG=1",
				);
				GCC_WARN_64_TO_32_BIT_CONVERSION = YES;
				GCC_WARN_ABOUT_RETURN_TYPE = YES_ERROR;
				GCC_WARN_UNDECLARED_SELECTOR = YES;
				GCC_WARN_UNINITIALIZED_AUTOS = YES_AGGRESSIVE;
				GCC_WARN_UNUSED_FUNCTION = YES;
				GCC_WARN_UNUSED_VARIABLE = YES;
				IPHONEOS_DEPLOYMENT_TARGET = 14.0;
				MTL_ENABLE_DEBUG_INFO = INCLUDE_SOURCE;
				MTL_FAST_MATH = YES;
				ONLY_ACTIVE_ARCH = YES;
				PRODUCT_NAME = "$(TARGET_NAME)";
				SDKROOT = iphoneos;
				SWIFT_ACTIVE_COMPILATION_CONDITIONS = DEBUG;
				SWIFT_OPTIMIZATION_LEVEL = "-Onone";
				SWIFT_VERSION = 5.0;
			};
			name = Debug;
		};
/* End XCBuildConfiguration section */

/* Begin XCConfigurationList section */
		19658D4AC16EBACDE34166C4 /* Build configuration list for PBXNativeTarget "ClientToolsDemo" */ = {
			isa = XCConfigurationList;
			buildConfigurations = (
				9DD757B60957689115E706F0 /* Debug */,
				7F54266BB76C66C27DB03710 /* Release */,
			);
			defaultConfigurationIsVisible = 0;
			defaultConfigurationName = Debug;
		};
		420E1D6E94A58AB4E03F61D4 /* Build configuration list for PBXProject "ClientToolsDemo" */ = {
			isa = XCConfigurationList;
			buildConfigurations = (
				EC6684B0792AF666592A241B /* Debug */,
				C80CDAF85BF99FB4D29F499D /* Release */,
			);
			defaultConfigurationIsVisible = 0;
			defaultConfigurationName = Debug;
		};
/* End XCConfigurationList section */
	};
	rootObject = 1E8094B08A0C0CD9C9ABC27C /* Project object */;
}
